
Microsoft Visual Studio Solution File, Format Version 12.00
# Visual Studio Version 17
VisualStudioVersion = 17.7.34003.232
MinimumVisualStudioVersion = 10.0.40219.1
Project("{FAE04EC0-301F-11D3-BF4B-00C04F79EFBC}") = "Random_images", "Random_images\Random_images.csproj", "{EAB42A50-42D9-4EA2-9BD6-D9DBC96F16E0}"
EndProject
Global
	GlobalSection(SolutionConfigurationPlatforms) = preSolution
		Debug|Any CPU = Debug|Any CPU
		Release|Any CPU = Release|Any CPU
	EndGlobalSection
	GlobalSection(ProjectConfigurationPlatforms) = postSolution
		{EAB42A50-42D9-4EA2-9BD6-D9DBC96F16E0}.Debug|Any CPU.ActiveCfg = Debug|Any CPU
		{EAB42A50-42D9-4EA2-9BD6-D9DBC96F16E0}.Debug|Any CPU.Build.0 = Debug|Any CPU
		{EAB42A50-42D9-4EA2-9BD6-D9DBC96F16E0}.Release|Any CPU.ActiveCfg = Release|Any CPU
		{EAB42A50-42D9-4EA2-9BD6-D9DBC96F16E0}.Release|Any CPU.Build.0 = Release|Any CPU
	EndGlobalSection
	GlobalSection(SolutionProperties) = preSolution
		HideSolutionNode = FALSE
	EndGlobalSection
	GlobalSection(ExtensibilityGlobals) = postSolution
		SolutionGuid = {CED5C1B6-8EDD-4139-BA99-AA180B37D6EF}
	EndGlobalSection
EndGlobal
